
Microsoft Visual Studio Solution File, Format Version 12.00
# Visual Studio Version 17
VisualStudioVersion = 17.7.34018.315
MinimumVisualStudioVersion = 10.0.40219.1
Project("{9A19103F-16F7-4668-BE54-9A1E7A4F7556}") = "InterfazRiesgosSimefin_API", "InterfazRiesgosSimefin_API\InterfazRiesgosSimefin_API.csproj", "{EBC60F4C-6DE7-420D-A36F-57F5191A5D2B}"
EndProject
Project("{FAE04EC0-301F-11D3-BF4B-00C04F79EFBC}") = "InterfazRiesgosSimefin_WEB", "InterfazRiesgosSimefin_WEB\InterfazRiesgosSimefin_WEB.csproj", "{EA89F3B2-AE2B-4979-8462-5322B36C2A4E}"
	ProjectSection(ProjectDependencies) = postProject
		{36FEAB54-7B72-4838-B64F-2A078AC59F87} = {36FEAB54-7B72-4838-B64F-2A078AC59F87}
	EndProjectSection
EndProject
Project("{FAE04EC0-301F-11D3-BF4B-00C04F79EFBC}") = "InterfazRiesgosSimefin_Utilidad", "InterfazRiesgosSimefin_Utilidad\InterfazRiesgosSimefin_Utilidad.csproj", "{36FEAB54-7B72-4838-B64F-2A078AC59F87}"
EndProject
Global
	GlobalSection(SolutionConfigurationPlatforms) = preSolution
		Debug|Any CPU = Debug|Any CPU
		Release|Any CPU = Release|Any CPU
	EndGlobalSection
	GlobalSection(ProjectConfigurationPlatforms) = postSolution
		{EBC60F4C-6DE7-420D-A36F-57F5191A5D2B}.Debug|Any CPU.ActiveCfg = Debug|Any CPU
		{EBC60F4C-6DE7-420D-A36F-57F5191A5D2B}.Debug|Any CPU.Build.0 = Debug|Any CPU
		{EBC60F4C-6DE7-420D-A36F-57F5191A5D2B}.Release|Any CPU.ActiveCfg = Release|Any CPU
		{EBC60F4C-6DE7-420D-A36F-57F5191A5D2B}.Release|Any CPU.Build.0 = Release|Any CPU
		{EA89F3B2-AE2B-4979-8462-5322B36C2A4E}.Debug|Any CPU.ActiveCfg = Debug|Any CPU
		{EA89F3B2-AE2B-4979-8462-5322B36C2A4E}.Debug|Any CPU.Build.0 = Debug|Any CPU
		{EA89F3B2-AE2B-4979-8462-5322B36C2A4E}.Release|Any CPU.ActiveCfg = Release|Any CPU
		{EA89F3B2-AE2B-4979-8462-5322B36C2A4E}.Release|Any CPU.Build.0 = Release|Any CPU
		{36FEAB54-7B72-4838-B64F-2A078AC59F87}.Debug|Any CPU.ActiveCfg = Debug|Any CPU
		{36FEAB54-7B72-4838-B64F-2A078AC59F87}.Debug|Any CPU.Build.0 = Debug|Any CPU
		{36FEAB54-7B72-4838-B64F-2A078AC59F87}.Release|Any CPU.ActiveCfg = Release|Any CPU
		{36FEAB54-7B72-4838-B64F-2A078AC59F87}.Release|Any CPU.Build.0 = Release|Any CPU
	EndGlobalSection
	GlobalSection(SolutionProperties) = preSolution
		HideSolutionNode = FALSE
	EndGlobalSection
	GlobalSection(ExtensibilityGlobals) = postSolution
		SolutionGuid = {58D946BB-125B-44C8-A936-0959CA87316B}
	EndGlobalSection
EndGlobal
