
Microsoft Visual Studio Solution File, Format Version 12.00
# Visual Studio Version 17
VisualStudioVersion = 17.7.34009.444
MinimumVisualStudioVersion = 10.0.40219.1
Project("{FAE04EC0-301F-11D3-BF4B-00C04F79EFBC}") = "WinSerAPIRiesgos", "WinSerAPIRiesgos\WinSerAPIRiesgos.csproj", "{99B55DBD-B57C-4AB0-8E46-E947A0B65989}"
EndProject
Global
	GlobalSection(SolutionConfigurationPlatforms) = preSolution
		Debug|Any CPU = Debug|Any CPU
		Release|Any CPU = Release|Any CPU
	EndGlobalSection
	GlobalSection(ProjectConfigurationPlatforms) = postSolution
		{99B55DBD-B57C-4AB0-8E46-E947A0B65989}.Debug|Any CPU.ActiveCfg = Debug|Any CPU
		{99B55DBD-B57C-4AB0-8E46-E947A0B65989}.Debug|Any CPU.Build.0 = Debug|Any CPU
		{99B55DBD-B57C-4AB0-8E46-E947A0B65989}.Release|Any CPU.ActiveCfg = Release|Any CPU
		{99B55DBD-B57C-4AB0-8E46-E947A0B65989}.Release|Any CPU.Build.0 = Release|Any CPU
	EndGlobalSection
	GlobalSection(SolutionProperties) = preSolution
		HideSolutionNode = FALSE
	EndGlobalSection
	GlobalSection(ExtensibilityGlobals) = postSolution
		SolutionGuid = {B06D2906-5B33-4873-957D-50832DEFE8CD}
	EndGlobalSection
EndGlobal
